
Microsoft Visual Studio Solution File, Format Version 12.00
# Visual Studio Version 17
VisualStudioVersion = 17.0.31903.59
MinimumVisualStudioVersion = 10.0.40219.1
Project("{2150E333-8FDC-42A3-9474-1A3956D46DE8}") = "src", "src", "{827E0CD3-B72D-47B6-A68D-7590B98EB39B}"
EndProject
Project("{FAE04EC0-301F-11D3-BF4B-00C04F79EFBC}") = "Zhengyan.DigitalWife.Abstractions", "src\Zhengyan.DigitalWife.Abstractions\Zhengyan.DigitalWife.Abstractions.csproj", "{D45ED691-8994-44AD-B0F3-F5FE6369013C}"
EndProject
Project("{FAE04EC0-301F-11D3-BF4B-00C04F79EFBC}") = "Zhengyan.DigitalWife.Assistant", "src\Zhengyan.DigitalWife.Assistant\Zhengyan.DigitalWife.Assistant.csproj", "{FD426030-7782-40D7-A912-5ED0A8F72DBB}"
EndProject
Project("{FAE04EC0-301F-11D3-BF4B-00C04F79EFBC}") = "Zhengyan.DigitalWife.Audio.PortAudio", "src\Zhengyan.DigitalWife.Audio.PortAudio\Zhengyan.DigitalWife.Audio.PortAudio.csproj", "{40072A45-4698-4F7F-8C1B-D30D1F9902FB}"
EndProject
Project("{FAE04EC0-301F-11D3-BF4B-00C04F79EFBC}") = "Zhengyan.DigitalWife.Llm.OpenAI", "src\Zhengyan.DigitalWife.Llm.OpenAI\Zhengyan.DigitalWife.Llm.OpenAI.csproj", "{4B1EB5A1-12C1-4043-860C-7219D456132A}"
EndProject
Project("{FAE04EC0-301F-11D3-BF4B-00C04F79EFBC}") = "Zhengyan.DigitalWife.Speech.SherpaOnnx", "src\Zhengyan.DigitalWife.Speech.SherpaOnnx\Zhengyan.DigitalWife.Speech.SherpaOnnx.csproj", "{FFFCB58F-8B79-4D34-BA6A-384148409CAC}"
EndProject
Project("{FAE04EC0-301F-11D3-BF4B-00C04F79EFBC}") = "Zhengyan.DigitalWife.Speech.WhisperNet", "src\Zhengyan.DigitalWife.Speech.WhisperNet\Zhengyan.DigitalWife.Speech.WhisperNet.csproj", "{DA29F7DC-E6CD-473D-B7C9-71F66476902F}"
EndProject
Project("{FAE04EC0-301F-11D3-BF4B-00C04F79EFBC}") = "Zhengyan.DigitalWife.Mmd", "src\Zhengyan.DigitalWife.Mmd\Zhengyan.DigitalWife.Mmd.csproj", "{2A90BF0D-6EB4-4C72-BE29-CBAFD63C54E2}"
EndProject
Project("{FAE04EC0-301F-11D3-BF4B-00C04F79EFBC}") = "Zhengyan.DigitalWife.Mmd.Game", "src\Zhengyan.DigitalWife.Mmd.Game\Zhengyan.DigitalWife.Mmd.Game.csproj", "{50DB4585-F81F-4663-A496-1FDBE2A4BC42}"
EndProject
Project("{2150E333-8FDC-42A3-9474-1A3956D46DE8}") = "samples", "samples", "{5D20AA90-6969-D8BD-9DCD-8634F4692FDA}"
EndProject
Project("{FAE04EC0-301F-11D3-BF4B-00C04F79EFBC}") = "Zhengyan.DigitalWife.Samples.AssistantConsole", "samples\Zhengyan.DigitalWife.Samples.AssistantConsole\Zhengyan.DigitalWife.Samples.AssistantConsole.csproj", "{B72B0015-9100-4281-A745-FA0333AD2AF4}"
EndProject
Project("{FAE04EC0-301F-11D3-BF4B-00C04F79EFBC}") = "Zhengyan.DigitalWife.Samples.MmdDemo", "samples\Zhengyan.DigitalWife.Samples.MmdDemo\Zhengyan.DigitalWife.Samples.MmdDemo.csproj", "{229A15D1-7F09-43CD-9DE5-7EF8B6C47ACB}"
EndProject
Project("{FAE04EC0-301F-11D3-BF4B-00C04F79EFBC}") = "Zhengyan.DigitalWife.Samples.MmdQuickStart", "samples\Zhengyan.DigitalWife.Samples.MmdQuickStart\Zhengyan.DigitalWife.Samples.MmdQuickStart.csproj", "{B22D72B3-69B5-4D20-8492-E376D8D75C45}"
EndProject
Project("{2150E333-8FDC-42A3-9474-1A3956D46DE8}") = "tools", "tools", "{07C2787E-EAC7-C090-1BA3-A61EC2A24D84}"
EndProject
Project("{FAE04EC0-301F-11D3-BF4B-00C04F79EFBC}") = "Zhengyan.DigitalWife.Tools.ApiInspector", "tools\Zhengyan.DigitalWife.Tools.ApiInspector\Zhengyan.DigitalWife.Tools.ApiInspector.csproj", "{1D6D36F3-19C1-431D-A491-004B3CEE27F5}"
EndProject
Project("{FAE04EC0-301F-11D3-BF4B-00C04F79EFBC}") = "Zhengyan.DigitalWife.Tools.ModelInspector", "tools\Zhengyan.DigitalWife.Tools.ModelInspector\Zhengyan.DigitalWife.Tools.ModelInspector.csproj", "{44DC4C5F-3158-4120-AD8D-938B080395DE}"
EndProject
Project("{FAE04EC0-301F-11D3-BF4B-00C04F79EFBC}") = "Zhengyan.DigitalWife.Tools.ModelInstaller", "tools\Zhengyan.DigitalWife.Tools.ModelInstaller\Zhengyan.DigitalWife.Tools.ModelInstaller.csproj", "{C5A34A61-8DAF-42DA-8CD8-3745A86E47D0}"
EndProject
Project("{FAE04EC0-301F-11D3-BF4B-00C04F79EFBC}") = "Zhengyan.DigitalWife.Samples.DigitalHuman", "samples\Zhengyan.DigitalWife.Samples.DigitalHuman\Zhengyan.DigitalWife.Samples.DigitalHuman.csproj", "{825357C4-4C01-4354-BC12-113DA2E8C246}"
EndProject
Global
	GlobalSection(SolutionConfigurationPlatforms) = preSolution
		Debug|Any CPU = Debug|Any CPU
		Debug|x64 = Debug|x64
		Debug|x86 = Debug|x86
		Release|Any CPU = Release|Any CPU
		Release|x64 = Release|x64
		Release|x86 = Release|x86
	EndGlobalSection
	GlobalSection(ProjectConfigurationPlatforms) = postSolution
		{D45ED691-8994-44AD-B0F3-F5FE6369013C}.Debug|Any CPU.ActiveCfg = Debug|Any CPU
		{D45ED691-8994-44AD-B0F3-F5FE6369013C}.Debug|Any CPU.Build.0 = Debug|Any CPU
		{D45ED691-8994-44AD-B0F3-F5FE6369013C}.Debug|x64.ActiveCfg = Debug|Any CPU
		{D45ED691-8994-44AD-B0F3-F5FE6369013C}.Debug|x64.Build.0 = Debug|Any CPU
		{D45ED691-8994-44AD-B0F3-F5FE6369013C}.Debug|x86.ActiveCfg = Debug|Any CPU
		{D45ED691-8994-44AD-B0F3-F5FE6369013C}.Debug|x86.Build.0 = Debug|Any CPU
		{D45ED691-8994-44AD-B0F3-F5FE6369013C}.Release|Any CPU.ActiveCfg = Release|Any CPU
		{D45ED691-8994-44AD-B0F3-F5FE6369013C}.Release|Any CPU.Build.0 = Release|Any CPU
		{D45ED691-8994-44AD-B0F3-F5FE6369013C}.Release|x64.ActiveCfg = Release|Any CPU
		{D45ED691-8994-44AD-B0F3-F5FE6369013C}.Release|x64.Build.0 = Release|Any CPU
		{D45ED691-8994-44AD-B0F3-F5FE6369013C}.Release|x86.ActiveCfg = Release|Any CPU
		{D45ED691-8994-44AD-B0F3-F5FE6369013C}.Release|x86.Build.0 = Release|Any CPU
		{FD426030-7782-40D7-A912-5ED0A8F72DBB}.Debug|Any CPU.ActiveCfg = Debug|Any CPU
		{FD426030-7782-40D7-A912-5ED0A8F72DBB}.Debug|Any CPU.Build.0 = Debug|Any CPU
		{FD426030-7782-40D7-A912-5ED0A8F72DBB}.Debug|x64.ActiveCfg = Debug|Any CPU
		{FD426030-7782-40D7-A912-5ED0A8F72DBB}.Debug|x64.Build.0 = Debug|Any CPU
		{FD426030-7782-40D7-A912-5ED0A8F72DBB}.Debug|x86.ActiveCfg = Debug|Any CPU
		{FD426030-7782-40D7-A912-5ED0A8F72DBB}.Debug|x86.Build.0 = Debug|Any CPU
		{FD426030-7782-40D7-A912-5ED0A8F72DBB}.Release|Any CPU.ActiveCfg = Release|Any CPU
		{FD426030-7782-40D7-A912-5ED0A8F72DBB}.Release|Any CPU.Build.0 = Release|Any CPU
		{FD426030-7782-40D7-A912-5ED0A8F72DBB}.Release|x64.ActiveCfg = Release|Any CPU
		{FD426030-7782-40D7-A912-5ED0A8F72DBB}.Release|x64.Build.0 = Release|Any CPU
		{FD426030-7782-40D7-A912-5ED0A8F72DBB}.Release|x86.ActiveCfg = Release|Any CPU
		{FD426030-7782-40D7-A912-5ED0A8F72DBB}.Release|x86.Build.0 = Release|Any CPU
		{40072A45-4698-4F7F-8C1B-D30D1F9902FB}.Debug|Any CPU.ActiveCfg = Debug|Any CPU
		{40072A45-4698-4F7F-8C1B-D30D1F9902FB}.Debug|Any CPU.Build.0 = Debug|Any CPU
		{40072A45-4698-4F7F-8C1B-D30D1F9902FB}.Debug|x64.ActiveCfg = Debug|Any CPU
		{40072A45-4698-4F7F-8C1B-D30D1F9902FB}.Debug|x64.Build.0 = Debug|Any CPU
		{40072A45-4698-4F7F-8C1B-D30D1F9902FB}.Debug|x86.ActiveCfg = Debug|Any CPU
		{40072A45-4698-4F7F-8C1B-D30D1F9902FB}.Debug|x86.Build.0 = Debug|Any CPU
		{40072A45-4698-4F7F-8C1B-D30D1F9902FB}.Release|Any CPU.ActiveCfg = Release|Any CPU
		{40072A45-4698-4F7F-8C1B-D30D1F9902FB}.Release|Any CPU.Build.0 = Release|Any CPU
		{40072A45-4698-4F7F-8C1B-D30D1F9902FB}.Release|x64.ActiveCfg = Release|Any CPU
		{40072A45-4698-4F7F-8C1B-D30D1F9902FB}.Release|x64.Build.0 = Release|Any CPU
		{40072A45-4698-4F7F-8C1B-D30D1F9902FB}.Release|x86.ActiveCfg = Release|Any CPU
		{40072A45-4698-4F7F-8C1B-D30D1F9902FB}.Release|x86.Build.0 = Release|Any CPU
		{4B1EB5A1-12C1-4043-860C-7219D456132A}.Debug|Any CPU.ActiveCfg = Debug|Any CPU
		{4B1EB5A1-12C1-4043-860C-7219D456132A}.Debug|Any CPU.Build.0 = Debug|Any CPU
		{4B1EB5A1-12C1-4043-860C-7219D456132A}.Debug|x64.ActiveCfg = Debug|Any CPU
		{4B1EB5A1-12C1-4043-860C-7219D456132A}.Debug|x64.Build.0 = Debug|Any CPU
		{4B1EB5A1-12C1-4043-860C-7219D456132A}.Debug|x86.ActiveCfg = Debug|Any CPU
		{4B1EB5A1-12C1-4043-860C-7219D456132A}.Debug|x86.Build.0 = Debug|Any CPU
		{4B1EB5A1-12C1-4043-860C-7219D456132A}.Release|Any CPU.ActiveCfg = Release|Any CPU
		{4B1EB5A1-12C1-4043-860C-7219D456132A}.Release|Any CPU.Build.0 = Release|Any CPU
		{4B1EB5A1-12C1-4043-860C-7219D456132A}.Release|x64.ActiveCfg = Release|Any CPU
		{4B1EB5A1-12C1-4043-860C-7219D456132A}.Release|x64.Build.0 = Release|Any CPU
		{4B1EB5A1-12C1-4043-860C-7219D456132A}.Release|x86.ActiveCfg = Release|Any CPU
		{4B1EB5A1-12C1-4043-860C-7219D456132A}.Release|x86.Build.0 = Release|Any CPU
		{FFFCB58F-8B79-4D34-BA6A-384148409CAC}.Debug|Any CPU.ActiveCfg = Debug|Any CPU
		{FFFCB58F-8B79-4D34-BA6A-384148409CAC}.Debug|Any CPU.Build.0 = Debug|Any CPU
		{FFFCB58F-8B79-4D34-BA6A-384148409CAC}.Debug|x64.ActiveCfg = Debug|Any CPU
		{FFFCB58F-8B79-4D34-BA6A-384148409CAC}.Debug|x64.Build.0 = Debug|Any CPU
		{FFFCB58F-8B79-4D34-BA6A-384148409CAC}.Debug|x86.ActiveCfg = Debug|Any CPU
		{FFFCB58F-8B79-4D34-BA6A-384148409CAC}.Debug|x86.Build.0 = Debug|Any CPU
		{FFFCB58F-8B79-4D34-BA6A-384148409CAC}.Release|Any CPU.ActiveCfg = Release|Any CPU
		{FFFCB58F-8B79-4D34-BA6A-384148409CAC}.Release|Any CPU.Build.0 = Release|Any CPU
		{FFFCB58F-8B79-4D34-BA6A-384148409CAC}.Release|x64.ActiveCfg = Release|Any CPU
		{FFFCB58F-8B79-4D34-BA6A-384148409CAC}.Release|x64.Build.0 = Release|Any CPU
		{FFFCB58F-8B79-4D34-BA6A-384148409CAC}.Release|x86.ActiveCfg = Release|Any CPU
		{FFFCB58F-8B79-4D34-BA6A-384148409CAC}.Release|x86.Build.0 = Release|Any CPU
		{DA29F7DC-E6CD-473D-B7C9-71F66476902F}.Debug|Any CPU.ActiveCfg = Debug|Any CPU
		{DA29F7DC-E6CD-473D-B7C9-71F66476902F}.Debug|Any CPU.Build.0 = Debug|Any CPU
		{DA29F7DC-E6CD-473D-B7C9-71F66476902F}.Debug|x64.ActiveCfg = Debug|Any CPU
		{DA29F7DC-E6CD-473D-B7C9-71F66476902F}.Debug|x64.Build.0 = Debug|Any CPU
		{DA29F7DC-E6CD-473D-B7C9-71F66476902F}.Debug|x86.ActiveCfg = Debug|Any CPU
		{DA29F7DC-E6CD-473D-B7C9-71F66476902F}.Debug|x86.Build.0 = Debug|Any CPU
		{DA29F7DC-E6CD-473D-B7C9-71F66476902F}.Release|Any CPU.ActiveCfg = Release|Any CPU
		{DA29F7DC-E6CD-473D-B7C9-71F66476902F}.Release|Any CPU.Build.0 = Release|Any CPU
		{DA29F7DC-E6CD-473D-B7C9-71F66476902F}.Release|x64.ActiveCfg = Release|Any CPU
		{DA29F7DC-E6CD-473D-B7C9-71F66476902F}.Release|x64.Build.0 = Release|Any CPU
		{DA29F7DC-E6CD-473D-B7C9-71F66476902F}.Release|x86.ActiveCfg = Release|Any CPU
		{DA29F7DC-E6CD-473D-B7C9-71F66476902F}.Release|x86.Build.0 = Release|Any CPU
		{2A90BF0D-6EB4-4C72-BE29-CBAFD63C54E2}.Debug|Any CPU.ActiveCfg = Debug|Any CPU
		{2A90BF0D-6EB4-4C72-BE29-CBAFD63C54E2}.Debug|Any CPU.Build.0 = Debug|Any CPU
		{2A90BF0D-6EB4-4C72-BE29-CBAFD63C54E2}.Debug|x64.ActiveCfg = Debug|Any CPU
		{2A90BF0D-6EB4-4C72-BE29-CBAFD63C54E2}.Debug|x64.Build.0 = Debug|Any CPU
		{2A90BF0D-6EB4-4C72-BE29-CBAFD63C54E2}.Debug|x86.ActiveCfg = Debug|Any CPU
		{2A90BF0D-6EB4-4C72-BE29-CBAFD63C54E2}.Debug|x86.Build.0 = Debug|Any CPU
		{2A90BF0D-6EB4-4C72-BE29-CBAFD63C54E2}.Release|Any CPU.ActiveCfg = Release|Any CPU
		{2A90BF0D-6EB4-4C72-BE29-CBAFD63C54E2}.Release|Any CPU.Build.0 = Release|Any CPU
		{2A90BF0D-6EB4-4C72-BE29-CBAFD63C54E2}.Release|x64.ActiveCfg = Release|Any CPU
		{2A90BF0D-6EB4-4C72-BE29-CBAFD63C54E2}.Release|x64.Build.0 = Release|Any CPU
		{2A90BF0D-6EB4-4C72-BE29-CBAFD63C54E2}.Release|x86.ActiveCfg = Release|Any CPU
		{2A90BF0D-6EB4-4C72-BE29-CBAFD63C54E2}.Release|x86.Build.0 = Release|Any CPU
		{50DB4585-F81F-4663-A496-1FDBE2A4BC42}.Debug|Any CPU.ActiveCfg = Debug|Any CPU
		{50DB4585-F81F-4663-A496-1FDBE2A4BC42}.Debug|Any CPU.Build.0 = Debug|Any CPU
		{50DB4585-F81F-4663-A496-1FDBE2A4BC42}.Debug|x64.ActiveCfg = Debug|Any CPU
		{50DB4585-F81F-4663-A496-1FDBE2A4BC42}.Debug|x64.Build.0 = Debug|Any CPU
		{50DB4585-F81F-4663-A496-1FDBE2A4BC42}.Debug|x86.ActiveCfg = Debug|Any CPU
		{50DB4585-F81F-4663-A496-1FDBE2A4BC42}.Debug|x86.Build.0 = Debug|Any CPU
		{50DB4585-F81F-4663-A496-1FDBE2A4BC42}.Release|Any CPU.ActiveCfg = Release|Any CPU
		{50DB4585-F81F-4663-A496-1FDBE2A4BC42}.Release|Any CPU.Build.0 = Release|Any CPU
		{50DB4585-F81F-4663-A496-1FDBE2A4BC42}.Release|x64.ActiveCfg = Release|Any CPU
		{50DB4585-F81F-4663-A496-1FDBE2A4BC42}.Release|x64.Build.0 = Release|Any CPU
		{50DB4585-F81F-4663-A496-1FDBE2A4BC42}.Release|x86.ActiveCfg = Release|Any CPU
		{50DB4585-F81F-4663-A496-1FDBE2A4BC42}.Release|x86.Build.0 = Release|Any CPU
		{B72B0015-9100-4281-A745-FA0333AD2AF4}.Debug|Any CPU.ActiveCfg = Debug|Any CPU
		{B72B0015-9100-4281-A745-FA0333AD2AF4}.Debug|Any CPU.Build.0 = Debug|Any CPU
		{B72B0015-9100-4281-A745-FA0333AD2AF4}.Debug|x64.ActiveCfg = Debug|Any CPU
		{B72B0015-9100-4281-A745-FA0333AD2AF4}.Debug|x64.Build.0 = Debug|Any CPU
		{B72B0015-9100-4281-A745-FA0333AD2AF4}.Debug|x86.ActiveCfg = Debug|Any CPU
		{B72B0015-9100-4281-A745-FA0333AD2AF4}.Debug|x86.Build.0 = Debug|Any CPU
		{B72B0015-9100-4281-A745-FA0333AD2AF4}.Release|Any CPU.ActiveCfg = Release|Any CPU
		{B72B0015-9100-4281-A745-FA0333AD2AF4}.Release|Any CPU.Build.0 = Release|Any CPU
		{B72B0015-9100-4281-A745-FA0333AD2AF4}.Release|x64.ActiveCfg = Release|Any CPU
		{B72B0015-9100-4281-A745-FA0333AD2AF4}.Release|x64.Build.0 = Release|Any CPU
		{B72B0015-9100-4281-A745-FA0333AD2AF4}.Release|x86.ActiveCfg = Release|Any CPU
		{B72B0015-9100-4281-A745-FA0333AD2AF4}.Release|x86.Build.0 = Release|Any CPU
		{229A15D1-7F09-43CD-9DE5-7EF8B6C47ACB}.Debug|Any CPU.ActiveCfg = Debug|Any CPU
		{229A15D1-7F09-43CD-9DE5-7EF8B6C47ACB}.Debug|Any CPU.Build.0 = Debug|Any CPU
		{229A15D1-7F09-43CD-9DE5-7EF8B6C47ACB}.Debug|x64.ActiveCfg = Debug|Any CPU
		{229A15D1-7F09-43CD-9DE5-7EF8B6C47ACB}.Debug|x64.Build.0 = Debug|Any CPU
		{229A15D1-7F09-43CD-9DE5-7EF8B6C47ACB}.Debug|x86.ActiveCfg = Debug|Any CPU
		{229A15D1-7F09-43CD-9DE5-7EF8B6C47ACB}.Debug|x86.Build.0 = Debug|Any CPU
		{229A15D1-7F09-43CD-9DE5-7EF8B6C47ACB}.Release|Any CPU.ActiveCfg = Release|Any CPU
		{229A15D1-7F09-43CD-9DE5-7EF8B6C47ACB}.Release|Any CPU.Build.0 = Release|Any CPU
		{229A15D1-7F09-43CD-9DE5-7EF8B6C47ACB}.Release|x64.ActiveCfg = Release|Any CPU
		{229A15D1-7F09-43CD-9DE5-7EF8B6C47ACB}.Release|x64.Build.0 = Release|Any CPU
		{229A15D1-7F09-43CD-9DE5-7EF8B6C47ACB}.Release|x86.ActiveCfg = Release|Any CPU
		{229A15D1-7F09-43CD-9DE5-7EF8B6C47ACB}.Release|x86.Build.0 = Release|Any CPU
		{B22D72B3-69B5-4D20-8492-E376D8D75C45}.Debug|Any CPU.ActiveCfg = Debug|Any CPU
		{B22D72B3-69B5-4D20-8492-E376D8D75C45}.Debug|Any CPU.Build.0 = Debug|Any CPU
		{B22D72B3-69B5-4D20-8492-E376D8D75C45}.Debug|x64.ActiveCfg = Debug|Any CPU
		{B22D72B3-69B5-4D20-8492-E376D8D75C45}.Debug|x64.Build.0 = Debug|Any CPU
		{B22D72B3-69B5-4D20-8492-E376D8D75C45}.Debug|x86.ActiveCfg = Debug|Any CPU
		{B22D72B3-69B5-4D20-8492-E376D8D75C45}.Debug|x86.Build.0 = Debug|Any CPU
		{B22D72B3-69B5-4D20-8492-E376D8D75C45}.Release|Any CPU.ActiveCfg = Release|Any CPU
		{B22D72B3-69B5-4D20-8492-E376D8D75C45}.Release|Any CPU.Build.0 = Release|Any CPU
		{B22D72B3-69B5-4D20-8492-E376D8D75C45}.Release|x64.ActiveCfg = Release|Any CPU
		{B22D72B3-69B5-4D20-8492-E376D8D75C45}.Release|x64.Build.0 = Release|Any CPU
		{B22D72B3-69B5-4D20-8492-E376D8D75C45}.Release|x86.ActiveCfg = Release|Any CPU
		{B22D72B3-69B5-4D20-8492-E376D8D75C45}.Release|x86.Build.0 = Release|Any CPU
		{1D6D36F3-19C1-431D-A491-004B3CEE27F5}.Debug|Any CPU.ActiveCfg = Debug|Any CPU
		{1D6D36F3-19C1-431D-A491-004B3CEE27F5}.Debug|Any CPU.Build.0 = Debug|Any CPU
		{1D6D36F3-19C1-431D-A491-004B3CEE27F5}.Debug|x64.ActiveCfg = Debug|Any CPU
		{1D6D36F3-19C1-431D-A491-004B3CEE27F5}.Debug|x64.Build.0 = Debug|Any CPU
		{1D6D36F3-19C1-431D-A491-004B3CEE27F5}.Debug|x86.ActiveCfg = Debug|Any CPU
		{1D6D36F3-19C1-431D-A491-004B3CEE27F5}.Debug|x86.Build.0 = Debug|Any CPU
		{1D6D36F3-19C1-431D-A491-004B3CEE27F5}.Release|Any CPU.ActiveCfg = Release|Any CPU
		{1D6D36F3-19C1-431D-A491-004B3CEE27F5}.Release|Any CPU.Build.0 = Release|Any CPU
		{1D6D36F3-19C1-431D-A491-004B3CEE27F5}.Release|x64.ActiveCfg = Release|Any CPU
		{1D6D36F3-19C1-431D-A491-004B3CEE27F5}.Release|x64.Build.0 = Release|Any CPU
		{1D6D36F3-19C1-431D-A491-004B3CEE27F5}.Release|x86.ActiveCfg = Release|Any CPU
		{1D6D36F3-19C1-431D-A491-004B3CEE27F5}.Release|x86.Build.0 = Release|Any CPU
		{44DC4C5F-3158-4120-AD8D-938B080395DE}.Debug|Any CPU.ActiveCfg = Debug|Any CPU
		{44DC4C5F-3158-4120-AD8D-938B080395DE}.Debug|Any CPU.Build.0 = Debug|Any CPU
		{44DC4C5F-3158-4120-AD8D-938B080395DE}.Debug|x64.ActiveCfg = Debug|Any CPU
		{44DC4C5F-3158-4120-AD8D-938B080395DE}.Debug|x64.Build.0 = Debug|Any CPU
		{44DC4C5F-3158-4120-AD8D-938B080395DE}.Debug|x86.ActiveCfg = Debug|Any CPU
		{44DC4C5F-3158-4120-AD8D-938B080395DE}.Debug|x86.Build.0 = Debug|Any CPU
		{44DC4C5F-3158-4120-AD8D-938B080395DE}.Release|Any CPU.ActiveCfg = Release|Any CPU
		{44DC4C5F-3158-4120-AD8D-938B080395DE}.Release|Any CPU.Build.0 = Release|Any CPU
		{44DC4C5F-3158-4120-AD8D-938B080395DE}.Release|x64.ActiveCfg = Release|Any CPU
		{44DC4C5F-3158-4120-AD8D-938B080395DE}.Release|x64.Build.0 = Release|Any CPU
		{44DC4C5F-3158-4120-AD8D-938B080395DE}.Release|x86.ActiveCfg = Release|Any CPU
		{44DC4C5F-3158-4120-AD8D-938B080395DE}.Release|x86.Build.0 = Release|Any CPU
		{C5A34A61-8DAF-42DA-8CD8-3745A86E47D0}.Debug|Any CPU.ActiveCfg = Debug|Any CPU
		{C5A34A61-8DAF-42DA-8CD8-3745A86E47D0}.Debug|Any CPU.Build.0 = Debug|Any CPU
		{C5A34A61-8DAF-42DA-8CD8-3745A86E47D0}.Debug|x64.ActiveCfg = Debug|Any CPU
		{C5A34A61-8DAF-42DA-8CD8-3745A86E47D0}.Debug|x64.Build.0 = Debug|Any CPU
		{C5A34A61-8DAF-42DA-8CD8-3745A86E47D0}.Debug|x86.ActiveCfg = Debug|Any CPU
		{C5A34A61-8DAF-42DA-8CD8-3745A86E47D0}.Debug|x86.Build.0 = Debug|Any CPU
		{C5A34A61-8DAF-42DA-8CD8-3745A86E47D0}.Release|Any CPU.ActiveCfg = Release|Any CPU
		{C5A34A61-8DAF-42DA-8CD8-3745A86E47D0}.Release|Any CPU.Build.0 = Release|Any CPU
		{C5A34A61-8DAF-42DA-8CD8-3745A86E47D0}.Release|x64.ActiveCfg = Release|Any CPU
		{C5A34A61-8DAF-42DA-8CD8-3745A86E47D0}.Release|x64.Build.0 = Release|Any CPU
		{C5A34A61-8DAF-42DA-8CD8-3745A86E47D0}.Release|x86.ActiveCfg = Release|Any CPU
		{C5A34A61-8DAF-42DA-8CD8-3745A86E47D0}.Release|x86.Build.0 = Release|Any CPU
		{825357C4-4C01-4354-BC12-113DA2E8C246}.Debug|Any CPU.ActiveCfg = Debug|Any CPU
		{825357C4-4C01-4354-BC12-113DA2E8C246}.Debug|Any CPU.Build.0 = Debug|Any CPU
		{825357C4-4C01-4354-BC12-113DA2E8C246}.Debug|x64.ActiveCfg = Debug|Any CPU
		{825357C4-4C01-4354-BC12-113DA2E8C246}.Debug|x64.Build.0 = Debug|Any CPU
		{825357C4-4C01-4354-BC12-113DA2E8C246}.Debug|x86.ActiveCfg = Debug|Any CPU
		{825357C4-4C01-4354-BC12-113DA2E8C246}.Debug|x86.Build.0 = Debug|Any CPU
		{825357C4-4C01-4354-BC12-113DA2E8C246}.Release|Any CPU.ActiveCfg = Release|Any CPU
		{825357C4-4C01-4354-BC12-113DA2E8C246}.Release|Any CPU.Build.0 = Release|Any CPU
		{825357C4-4C01-4354-BC12-113DA2E8C246}.Release|x64.ActiveCfg = Release|Any CPU
		{825357C4-4C01-4354-BC12-113DA2E8C246}.Release|x64.Build.0 = Release|Any CPU
		{825357C4-4C01-4354-BC12-113DA2E8C246}.Release|x86.ActiveCfg = Release|Any CPU
		{825357C4-4C01-4354-BC12-113DA2E8C246}.Release|x86.Build.0 = Release|Any CPU
	EndGlobalSection
	GlobalSection(SolutionProperties) = preSolution
		HideSolutionNode = FALSE
	EndGlobalSection
	GlobalSection(NestedProjects) = preSolution
		{D45ED691-8994-44AD-B0F3-F5FE6369013C} = {827E0CD3-B72D-47B6-A68D-7590B98EB39B}
		{FD426030-7782-40D7-A912-5ED0A8F72DBB} = {827E0CD3-B72D-47B6-A68D-7590B98EB39B}
		{40072A45-4698-4F7F-8C1B-D30D1F9902FB} = {827E0CD3-B72D-47B6-A68D-7590B98EB39B}
		{4B1EB5A1-12C1-4043-860C-7219D456132A} = {827E0CD3-B72D-47B6-A68D-7590B98EB39B}
		{FFFCB58F-8B79-4D34-BA6A-384148409CAC} = {827E0CD3-B72D-47B6-A68D-7590B98EB39B}
		{DA29F7DC-E6CD-473D-B7C9-71F66476902F} = {827E0CD3-B72D-47B6-A68D-7590B98EB39B}
		{2A90BF0D-6EB4-4C72-BE29-CBAFD63C54E2} = {827E0CD3-B72D-47B6-A68D-7590B98EB39B}
		{50DB4585-F81F-4663-A496-1FDBE2A4BC42} = {827E0CD3-B72D-47B6-A68D-7590B98EB39B}
		{B72B0015-9100-4281-A745-FA0333AD2AF4} = {5D20AA90-6969-D8BD-9DCD-8634F4692FDA}
		{229A15D1-7F09-43CD-9DE5-7EF8B6C47ACB} = {5D20AA90-6969-D8BD-9DCD-8634F4692FDA}
		{B22D72B3-69B5-4D20-8492-E376D8D75C45} = {5D20AA90-6969-D8BD-9DCD-8634F4692FDA}
		{1D6D36F3-19C1-431D-A491-004B3CEE27F5} = {07C2787E-EAC7-C090-1BA3-A61EC2A24D84}
		{44DC4C5F-3158-4120-AD8D-938B080395DE} = {07C2787E-EAC7-C090-1BA3-A61EC2A24D84}
		{C5A34A61-8DAF-42DA-8CD8-3745A86E47D0} = {07C2787E-EAC7-C090-1BA3-A61EC2A24D84}
		{825357C4-4C01-4354-BC12-113DA2E8C246} = {5D20AA90-6969-D8BD-9DCD-8634F4692FDA}
	EndGlobalSection
EndGlobal
